
Microsoft Visual Studio Solution File, Format Version 12.00
# Visual Studio Version 16
VisualStudioVersion = 16.0.31515.178
MinimumVisualStudioVersion = 10.0.40219.1
Project("{888888A0-9F3D-457C-B088-3A5042F75D52}") = "IterationAndRecursion", "IterationAndRecursion.pyproj", "{7F2F3887-AA24-4EFA-BFDE-20946BCD16DA}"
EndProject
Global
	GlobalSection(SolutionConfigurationPlatforms) = preSolution
		Debug|Any CPU = Debug|Any CPU
		Release|Any CPU = Release|Any CPU
	EndGlobalSection
	GlobalSection(ProjectConfigurationPlatforms) = postSolution
		{7F2F3887-AA24-4EFA-BFDE-20946BCD16DA}.Debug|Any CPU.ActiveCfg = Debug|Any CPU
		{7F2F3887-AA24-4EFA-BFDE-20946BCD16DA}.Release|Any CPU.ActiveCfg = Release|Any CPU
	EndGlobalSection
	GlobalSection(SolutionProperties) = preSolution
		HideSolutionNode = FALSE
	EndGlobalSection
	GlobalSection(ExtensibilityGlobals) = postSolution
		SolutionGuid = {585BD16A-28EA-4A1B-8013-8A6BC68E13A2}
	EndGlobalSection
EndGlobal
